
Microsoft Visual Studio Solution File, Format Version 12.00
# Visual Studio Version 17
VisualStudioVersion = 17.10.35122.118
MinimumVisualStudioVersion = 10.0.40219.1
Project("{FAE04EC0-301F-11D3-BF4B-00C04F79EFBC}") = "ControlUnit", "ControlUnit\ControlUnit.csproj", "{FE00490E-6CD8-49A1-99F5-E442962C28C9}"
EndProject
Global
	GlobalSection(SolutionConfigurationPlatforms) = preSolution
		Debug|Any CPU = Debug|Any CPU
		Release|Any CPU = Release|Any CPU
	EndGlobalSection
	GlobalSection(ProjectConfigurationPlatforms) = postSolution
		{FE00490E-6CD8-49A1-99F5-E442962C28C9}.Debug|Any CPU.ActiveCfg = Debug|Any CPU
		{FE00490E-6CD8-49A1-99F5-E442962C28C9}.Debug|Any CPU.Build.0 = Debug|Any CPU
		{FE00490E-6CD8-49A1-99F5-E442962C28C9}.Release|Any CPU.ActiveCfg = Release|Any CPU
		{FE00490E-6CD8-49A1-99F5-E442962C28C9}.Release|Any CPU.Build.0 = Release|Any CPU
	EndGlobalSection
	GlobalSection(SolutionProperties) = preSolution
		HideSolutionNode = FALSE
	EndGlobalSection
	GlobalSection(ExtensibilityGlobals) = postSolution
		SolutionGuid = {EA998D36-ADCE-4D8E-A21F-380D72E22153}
	EndGlobalSection
EndGlobal
